
Microsoft Visual Studio Solution File, Format Version 12.00
# Visual Studio Version 16
VisualStudioVersion = 16.0.30907.101
MinimumVisualStudioVersion = 10.0.40219.1
Project("{FAE04EC0-301F-11D3-BF4B-00C04F79EFBC}") = "InventoryManager", "InventoryManager\InventoryManager.csproj", "{CF573615-406C-4322-BF6A-96FB5E065F19}"
EndProject
Project("{FAE04EC0-301F-11D3-BF4B-00C04F79EFBC}") = "InventoryManager.Tests", "InventoryManager.Tests\InventoryManager.Tests.csproj", "{635F70F6-521A-40EA-967F-DEC948D24581}"
EndProject
Global
	GlobalSection(SolutionConfigurationPlatforms) = preSolution
		Debug|Any CPU = Debug|Any CPU
		Release|Any CPU = Release|Any CPU
	EndGlobalSection
	GlobalSection(ProjectConfigurationPlatforms) = postSolution
		{CF573615-406C-4322-BF6A-96FB5E065F19}.Debug|Any CPU.ActiveCfg = Debug|Any CPU
		{CF573615-406C-4322-BF6A-96FB5E065F19}.Debug|Any CPU.Build.0 = Debug|Any CPU
		{CF573615-406C-4322-BF6A-96FB5E065F19}.Release|Any CPU.ActiveCfg = Release|Any CPU
		{CF573615-406C-4322-BF6A-96FB5E065F19}.Release|Any CPU.Build.0 = Release|Any CPU
		{635F70F6-521A-40EA-967F-DEC948D24581}.Debug|Any CPU.ActiveCfg = Debug|Any CPU
		{635F70F6-521A-40EA-967F-DEC948D24581}.Debug|Any CPU.Build.0 = Debug|Any CPU
		{635F70F6-521A-40EA-967F-DEC948D24581}.Release|Any CPU.ActiveCfg = Release|Any CPU
		{635F70F6-521A-40EA-967F-DEC948D24581}.Release|Any CPU.Build.0 = Release|Any CPU
	EndGlobalSection
	GlobalSection(SolutionProperties) = preSolution
		HideSolutionNode = FALSE
	EndGlobalSection
	GlobalSection(ExtensibilityGlobals) = postSolution
		SolutionGuid = {0E292E50-86BA-4436-A081-88F50634E689}
	EndGlobalSection
EndGlobal
